
Microsoft Visual Studio Solution File, Format Version 12.00
# Visual Studio Version 17
VisualStudioVersion = 17.4.33205.214
MinimumVisualStudioVersion = 10.0.40219.1
Project("{9A19103F-16F7-4668-BE54-9A1E7A4F7556}") = "CassandraWarehouse", "CassandraWarehouse\CassandraWarehouse.csproj", "{C2868FB0-F1A1-4A30-9350-F6D47C4259F4}"
EndProject
Project("{9A19103F-16F7-4668-BE54-9A1E7A4F7556}") = "WarehouseCL", "WarehouseCL\WarehouseCL.csproj", "{31F17F6F-1C3E-4CA9-997D-CF48CC2E37C0}"
EndProject
Global
	GlobalSection(SolutionConfigurationPlatforms) = preSolution
		Debug|Any CPU = Debug|Any CPU
		Release|Any CPU = Release|Any CPU
	EndGlobalSection
	GlobalSection(ProjectConfigurationPlatforms) = postSolution
		{C2868FB0-F1A1-4A30-9350-F6D47C4259F4}.Debug|Any CPU.ActiveCfg = Debug|Any CPU
		{C2868FB0-F1A1-4A30-9350-F6D47C4259F4}.Debug|Any CPU.Build.0 = Debug|Any CPU
		{C2868FB0-F1A1-4A30-9350-F6D47C4259F4}.Release|Any CPU.ActiveCfg = Release|Any CPU
		{C2868FB0-F1A1-4A30-9350-F6D47C4259F4}.Release|Any CPU.Build.0 = Release|Any CPU
		{31F17F6F-1C3E-4CA9-997D-CF48CC2E37C0}.Debug|Any CPU.ActiveCfg = Debug|Any CPU
		{31F17F6F-1C3E-4CA9-997D-CF48CC2E37C0}.Debug|Any CPU.Build.0 = Debug|Any CPU
		{31F17F6F-1C3E-4CA9-997D-CF48CC2E37C0}.Release|Any CPU.ActiveCfg = Release|Any CPU
		{31F17F6F-1C3E-4CA9-997D-CF48CC2E37C0}.Release|Any CPU.Build.0 = Release|Any CPU
	EndGlobalSection
	GlobalSection(SolutionProperties) = preSolution
		HideSolutionNode = FALSE
	EndGlobalSection
	GlobalSection(ExtensibilityGlobals) = postSolution
		SolutionGuid = {DEAFC75D-304A-4F0F-A104-E8CD3F519521}
	EndGlobalSection
EndGlobal
